
Microsoft Visual Studio Solution File, Format Version 12.00
# Visual Studio Version 17
VisualStudioVersion = 17.9.34622.214
MinimumVisualStudioVersion = 10.0.40219.1
Project("{FAE04EC0-301F-11D3-BF4B-00C04F79EFBC}") = "TIDZ_Laba3_Porokhin", "TIDZ_Laba3_Porokhin\TIDZ_Laba3_Porokhin.csproj", "{517BEE8F-60E5-4767-9154-07A1FB2F4BFF}"
EndProject
Global
	GlobalSection(SolutionConfigurationPlatforms) = preSolution
		Debug|Any CPU = Debug|Any CPU
		Release|Any CPU = Release|Any CPU
	EndGlobalSection
	GlobalSection(ProjectConfigurationPlatforms) = postSolution
		{517BEE8F-60E5-4767-9154-07A1FB2F4BFF}.Debug|Any CPU.ActiveCfg = Debug|Any CPU
		{517BEE8F-60E5-4767-9154-07A1FB2F4BFF}.Debug|Any CPU.Build.0 = Debug|Any CPU
		{517BEE8F-60E5-4767-9154-07A1FB2F4BFF}.Release|Any CPU.ActiveCfg = Release|Any CPU
		{517BEE8F-60E5-4767-9154-07A1FB2F4BFF}.Release|Any CPU.Build.0 = Release|Any CPU
	EndGlobalSection
	GlobalSection(SolutionProperties) = preSolution
		HideSolutionNode = FALSE
	EndGlobalSection
	GlobalSection(ExtensibilityGlobals) = postSolution
		SolutionGuid = {67392180-9E12-4049-AD60-F6F3FD1D1DB6}
	EndGlobalSection
EndGlobal
